
Microsoft Visual Studio Solution File, Format Version 12.00
# Visual Studio Version 17
VisualStudioVersion = 17.0.32112.339
MinimumVisualStudioVersion = 10.0.40219.1
Project("{FAE04EC0-301F-11D3-BF4B-00C04F79EFBC}") = "LocalNote", "LocalNote\LocalNote.csproj", "{13AB4183-6ADA-4BA7-9F06-30764BF1BDDF}"
EndProject
Global
	GlobalSection(SolutionConfigurationPlatforms) = preSolution
		Debug|ARM = Debug|ARM
		Debug|ARM64 = Debug|ARM64
		Debug|x64 = Debug|x64
		Debug|x86 = Debug|x86
		Release|ARM = Release|ARM
		Release|ARM64 = Release|ARM64
		Release|x64 = Release|x64
		Release|x86 = Release|x86
	EndGlobalSection
	GlobalSection(ProjectConfigurationPlatforms) = postSolution
		{13AB4183-6ADA-4BA7-9F06-30764BF1BDDF}.Debug|ARM.ActiveCfg = Debug|ARM
		{13AB4183-6ADA-4BA7-9F06-30764BF1BDDF}.Debug|ARM.Build.0 = Debug|ARM
		{13AB4183-6ADA-4BA7-9F06-30764BF1BDDF}.Debug|ARM.Deploy.0 = Debug|ARM
		{13AB4183-6ADA-4BA7-9F06-30764BF1BDDF}.Debug|ARM64.ActiveCfg = Debug|ARM64
		{13AB4183-6ADA-4BA7-9F06-30764BF1BDDF}.Debug|ARM64.Build.0 = Debug|ARM64
		{13AB4183-6ADA-4BA7-9F06-30764BF1BDDF}.Debug|ARM64.Deploy.0 = Debug|ARM64
		{13AB4183-6ADA-4BA7-9F06-30764BF1BDDF}.Debug|x64.ActiveCfg = Debug|x64
		{13AB4183-6ADA-4BA7-9F06-30764BF1BDDF}.Debug|x64.Build.0 = Debug|x64
		{13AB4183-6ADA-4BA7-9F06-30764BF1BDDF}.Debug|x64.Deploy.0 = Debug|x64
		{13AB4183-6ADA-4BA7-9F06-30764BF1BDDF}.Debug|x86.ActiveCfg = Debug|x86
		{13AB4183-6ADA-4BA7-9F06-30764BF1BDDF}.Debug|x86.Build.0 = Debug|x86
		{13AB4183-6ADA-4BA7-9F06-30764BF1BDDF}.Debug|x86.Deploy.0 = Debug|x86
		{13AB4183-6ADA-4BA7-9F06-30764BF1BDDF}.Release|ARM.ActiveCfg = Release|ARM
		{13AB4183-6ADA-4BA7-9F06-30764BF1BDDF}.Release|ARM.Build.0 = Release|ARM
		{13AB4183-6ADA-4BA7-9F06-30764BF1BDDF}.Release|ARM.Deploy.0 = Release|ARM
		{13AB4183-6ADA-4BA7-9F06-30764BF1BDDF}.Release|ARM64.ActiveCfg = Release|ARM64
		{13AB4183-6ADA-4BA7-9F06-30764BF1BDDF}.Release|ARM64.Build.0 = Release|ARM64
		{13AB4183-6ADA-4BA7-9F06-30764BF1BDDF}.Release|ARM64.Deploy.0 = Release|ARM64
		{13AB4183-6ADA-4BA7-9F06-30764BF1BDDF}.Release|x64.ActiveCfg = Release|x64
		{13AB4183-6ADA-4BA7-9F06-30764BF1BDDF}.Release|x64.Build.0 = Release|x64
		{13AB4183-6ADA-4BA7-9F06-30764BF1BDDF}.Release|x64.Deploy.0 = Release|x64
		{13AB4183-6ADA-4BA7-9F06-30764BF1BDDF}.Release|x86.ActiveCfg = Release|x86
		{13AB4183-6ADA-4BA7-9F06-30764BF1BDDF}.Release|x86.Build.0 = Release|x86
		{13AB4183-6ADA-4BA7-9F06-30764BF1BDDF}.Release|x86.Deploy.0 = Release|x86
	EndGlobalSection
	GlobalSection(SolutionProperties) = preSolution
		HideSolutionNode = FALSE
	EndGlobalSection
	GlobalSection(ExtensibilityGlobals) = postSolution
		SolutionGuid = {32CF8E3F-7AC5-45EC-AE45-94CE824A5405}
	EndGlobalSection
EndGlobal
